// !$*UTF8*$!
{
	archiveVersion = 1;
	classes = {
	};
	objectVersion = 46;
	objects = {

/* Begin PBXBuildFile section */
		01668411F35BB3D0717119FF /* libPods.a in Frameworks */ = {isa = PBXBuildFile; fileRef = 702293C01F205B25B265F001 /* libPods.a */; };
		443B16831AB18AB60095BFEE /* main.m in Sources */ = {isa = PBXBuildFile; fileRef = 443B16821AB18AB60095BFEE /* main.m */; };
		443B168E1AB18AB60095BFEE /* Images.xcassets in Resources */ = {isa = PBXBuildFile; fileRef = 443B168D1AB18AB60095BFEE /* Images.xcassets */; };
		443B169D1AB18AB60095BFEE /* Tests.m in Sources */ = {isa = PBXBuildFile; fileRef = 443B169C1AB18AB60095BFEE /* Tests.m */; };
		443B16A91AB18BB10095BFEE /* AppDelegate.m in Sources */ = {isa = PBXBuildFile; fileRef = 443B16A81AB18BB10095BFEE /* AppDelegate.m */; };
		443B16B81AB18C700095BFEE /* ViewController.m in Sources */ = {isa = PBXBuildFile; fileRef = 443B16B51AB18C700095BFEE /* ViewController.m */; };
/* End PBXBuildFile section */

/* Begin PBXContainerItemProxy section */
		443B16971AB18AB60095BFEE /* PBXContainerItemProxy */ = {
			isa = PBXContainerItemProxy;
			containerPortal = 443B16751AB18AB60095BFEE /* Project object */;
			proxyType = 1;
			remoteGlobalIDString = 443B167C1AB18AB60095BFEE;
			remoteInfo = Component;
		};
/* End PBXContainerItemProxy section */

/* Begin PBXFileReference section */
		443B167D1AB18AB60095BFEE /* Component.app */ = {isa = PBXFileReference; explicitFileType = wrapper.application; includeInIndex = 0; path = Component.app; sourceTree = BUILT_PRODUCTS_DIR; };
		443B16811AB18AB60095BFEE /* Info.plist */ = {isa = PBXFileReference; lastKnownFileType = text.plist.xml; path = Info.plist; sourceTree = "<group>"; };
		443B16821AB18AB60095BFEE /* main.m */ = {isa = PBXFileReference; lastKnownFileType = sourcecode.c.objc; path = main.m; sourceTree = "<group>"; };
		443B168D1AB18AB60095BFEE /* Images.xcassets */ = {isa = PBXFileReference; lastKnownFileType = folder.assetcatalog; path = Images.xcassets; sourceTree = "<group>"; };
		443B16961AB18AB60095BFEE /* Tests.xctest */ = {isa = PBXFileReference; explicitFileType = wrapper.cfbundle; includeInIndex = 0; path = Tests.xctest; sourceTree = BUILT_PRODUCTS_DIR; };
		443B169B1AB18AB60095BFEE /* Info.plist */ = {isa = PBXFileReference; lastKnownFileType = text.plist.xml; path = Info.plist; sourceTree = "<group>"; };
		443B169C1AB18AB60095BFEE /* Tests.m */ = {isa = PBXFileReference; lastKnownFileType = sourcecode.c.objc; path = Tests.m; sourceTree = "<group>"; };
		443B16A71AB18BB10095BFEE /* AppDelegate.h */ = {isa = PBXFileReference; fileEncoding = 4; lastKnownFileType = sourcecode.c.h; path = AppDelegate.h; sourceTree = "<group>"; };
		443B16A81AB18BB10095BFEE /* AppDelegate.m */ = {isa = PBXFileReference; fileEncoding = 4; lastKnownFileType = sourcecode.c.objc; path = AppDelegate.m; sourceTree = "<group>"; };
		443B16B41AB18C700095BFEE /* ViewController.h */ = {isa = PBXFileReference; fileEncoding = 4; lastKnownFileType = sourcecode.c.h; path = ViewController.h; sourceTree = "<group>"; };
		443B16B51AB18C700095BFEE /* ViewController.m */ = {isa = PBXFileReference; fileEncoding = 4; lastKnownFileType = sourcecode.c.objc; path = ViewController.m; sourceTree = "<group>"; };
		702293C01F205B25B265F001 /* libPods.a */ = {isa = PBXFileReference; explicitFileType = archive.ar; includeInIndex = 0; path = libPods.a; sourceTree = BUILT_PRODUCTS_DIR; };
		7C5A7FD68D71F6C39C470959 /* Pods.debug.xcconfig */ = {isa = PBXFileReference; includeInIndex = 1; lastKnownFileType = text.xcconfig; name = Pods.debug.xcconfig; path = "Pods/Target Support Files/Pods/Pods.debug.xcconfig"; sourceTree = "<group>"; };
		FEB0371DA9A93F4D75A24263 /* Pods.release.xcconfig */ = {isa = PBXFileReference; includeInIndex = 1; lastKnownFileType = text.xcconfig; name = Pods.release.xcconfig; path = "Pods/Target Support Files/Pods/Pods.release.xcconfig"; sourceTree = "<group>"; };
/* End PBXFileReference section */

/* Begin PBXFrameworksBuildPhase section */
		443B167A1AB18AB60095BFEE /* Frameworks */ = {
			isa = PBXFrameworksBuildPhase;
			buildActionMask = 2147483647;
			files = (
				01668411F35BB3D0717119FF /* libPods.a in Frameworks */,
			);
			runOnlyForDeploymentPostprocessing = 0;
		};
		443B16931AB18AB60095BFEE /* Frameworks */ = {
			isa = PBXFrameworksBuildPhase;
			buildActionMask = 2147483647;
			files = (
			);
			runOnlyForDeploymentPostprocessing = 0;
		};
/* End PBXFrameworksBuildPhase section */

/* Begin PBXGroup section */
		05B681797C10248DB74C7573 /* Pods */ = {
			isa = PBXGroup;
			children = (
				7C5A7FD68D71F6C39C470959 /* Pods.debug.xcconfig */,
				FEB0371DA9A93F4D75A24263 /* Pods.release.xcconfig */,
			);
			name = Pods;
			sourceTree = "<group>";
		};
		0C5AF00DEEA877B56A6764CC /* Frameworks */ = {
			isa = PBXGroup;
			children = (
				702293C01F205B25B265F001 /* libPods.a */,
			);
			name = Frameworks;
			sourceTree = "<group>";
		};
		443B16741AB18AB60095BFEE = {
			isa = PBXGroup;
			children = (
				44BD23F41AB18D9B001C7A18 /* Metadata */,
				443B167F1AB18AB60095BFEE /* Component */,
				443B16991AB18AB60095BFEE /* Tests */,
				443B167E1AB18AB60095BFEE /* Products */,
				05B681797C10248DB74C7573 /* Pods */,
				0C5AF00DEEA877B56A6764CC /* Frameworks */,
			);
			sourceTree = "<group>";
		};
		443B167E1AB18AB60095BFEE /* Products */ = {
			isa = PBXGroup;
			children = (
				443B167D1AB18AB60095BFEE /* Component.app */,
				443B16961AB18AB60095BFEE /* Tests.xctest */,
			);
			name = Products;
			sourceTree = "<group>";
		};
		443B167F1AB18AB60095BFEE /* Component */ = {
			isa = PBXGroup;
			children = (
				443B16A61AB18BB10095BFEE /* AppDelegate */,
				443B16B21AB18C700095BFEE /* Others */,
				443B16B61AB18C700095BFEE /* Source */,
				443B168D1AB18AB60095BFEE /* Images.xcassets */,
				443B16801AB18AB60095BFEE /* Supporting Files */,
			);
			path = Component;
			sourceTree = "<group>";
		};
		443B16801AB18AB60095BFEE /* Supporting Files */ = {
			isa = PBXGroup;
			children = (
				443B16811AB18AB60095BFEE /* Info.plist */,
				443B16821AB18AB60095BFEE /* main.m */,
			);
			name = "Supporting Files";
			sourceTree = "<group>";
		};
		443B16991AB18AB60095BFEE /* Tests */ = {
			isa = PBXGroup;
			children = (
				443B169C1AB18AB60095BFEE /* Tests.m */,
				443B169A1AB18AB60095BFEE /* Supporting Files */,
			);
			path = Tests;
			sourceTree = "<group>";
		};
		443B169A1AB18AB60095BFEE /* Supporting Files */ = {
			isa = PBXGroup;
			children = (
				443B169B1AB18AB60095BFEE /* Info.plist */,
			);
			name = "Supporting Files";
			sourceTree = "<group>";
		};
		443B16A61AB18BB10095BFEE /* AppDelegate */ = {
			isa = PBXGroup;
			children = (
				443B16A71AB18BB10095BFEE /* AppDelegate.h */,
				443B16A81AB18BB10095BFEE /* AppDelegate.m */,
			);
			path = AppDelegate;
			sourceTree = "<group>";
		};
		443B16B21AB18C700095BFEE /* Others */ = {
			isa = PBXGroup;
			children = (
				443B16B31AB18C700095BFEE /* Controllers */,
			);
			path = Others;
			sourceTree = "<group>";
		};
		443B16B31AB18C700095BFEE /* Controllers */ = {
			isa = PBXGroup;
			children = (
				443B16B41AB18C700095BFEE /* ViewController.h */,
				443B16B51AB18C700095BFEE /* ViewController.m */,
			);
			path = Controllers;
			sourceTree = "<group>";
		};
		443B16B61AB18C700095BFEE /* Source */ = {
			isa = PBXGroup;
			children = (
				443B16B71AB18C700095BFEE /* Views */,
			);
			path = Source;
			sourceTree = "<group>";
		};
		443B16B71AB18C700095BFEE /* Views */ = {
			isa = PBXGroup;
			children = (
			);
			path = Views;
			sourceTree = "<group>";
		};
		44BD23F41AB18D9B001C7A18 /* Metadata */ = {
			isa = PBXGroup;
			children = (
			);
			name = Metadata;
			sourceTree = "<group>";
		};
/* End PBXGroup section */

/* Begin PBXNativeTarget section */
		443B167C1AB18AB60095BFEE /* Component */ = {
			isa = PBXNativeTarget;
			buildConfigurationList = 443B16A01AB18AB60095BFEE /* Build configuration list for PBXNativeTarget "Component" */;
			buildPhases = (
				D43DF8B8397A67B79BDFAADC /* Check Pods Manifest.lock */,
				443B16791AB18AB60095BFEE /* Sources */,
				443B167A1AB18AB60095BFEE /* Frameworks */,
				443B167B1AB18AB60095BFEE /* Resources */,
				BADC5A0477EE9EBE62EF306E /* Copy Pods Resources */,
			);
			buildRules = (
			);
			dependencies = (
			);
			name = Component;
			productName = Component;
			productReference = 443B167D1AB18AB60095BFEE /* Component.app */;
			productType = "com.apple.product-type.application";
		};
		443B16951AB18AB60095BFEE /* Tests */ = {
			isa = PBXNativeTarget;
			buildConfigurationList = 443B16A31AB18AB60095BFEE /* Build configuration list for PBXNativeTarget "Tests" */;
			buildPhases = (
				443B16921AB18AB60095BFEE /* Sources */,
				443B16931AB18AB60095BFEE /* Frameworks */,
				443B16941AB18AB60095BFEE /* Resources */,
			);
			buildRules = (
			);
			dependencies = (
				443B16981AB18AB60095BFEE /* PBXTargetDependency */,
			);
			name = Tests;
			productName = ComponentTests;
			productReference = 443B16961AB18AB60095BFEE /* Tests.xctest */;
			productType = "com.apple.product-type.bundle.unit-test";
		};
/* End PBXNativeTarget section */

/* Begin PBXProject section */
		443B16751AB18AB60095BFEE /* Project object */ = {
			isa = PBXProject;
			attributes = {
				CLASSPREFIX = HYP;
				LastUpgradeCheck = 0620;
				ORGANIZATIONNAME = "Hyper Interaktiv";
				TargetAttributes = {
					443B167C1AB18AB60095BFEE = {
						CreatedOnToolsVersion = 6.2;
					};
					443B16951AB18AB60095BFEE = {
						CreatedOnToolsVersion = 6.2;
						TestTargetID = 443B167C1AB18AB60095BFEE;
					};
				};
			};
			buildConfigurationList = 443B16781AB18AB60095BFEE /* Build configuration list for PBXProject "Component" */;
			compatibilityVersion = "Xcode 3.2";
			developmentRegion = English;
			hasScannedForEncodings = 0;
			knownRegions = (
				en,
				Base,
			);
			mainGroup = 443B16741AB18AB60095BFEE;
			productRefGroup = 443B167E1AB18AB60095BFEE /* Products */;
			projectDirPath = "";
			projectRoot = "";
			targets = (
				443B167C1AB18AB60095BFEE /* Component */,
				443B16951AB18AB60095BFEE /* Tests */,
			);
		};
/* End PBXProject section */

/* Begin PBXResourcesBuildPhase section */
		443B167B1AB18AB60095BFEE /* Resources */ = {
			isa = PBXResourcesBuildPhase;
			buildActionMask = 2147483647;
			files = (
				443B168E1AB18AB60095BFEE /* Images.xcassets in Resources */,
			);
			runOnlyForDeploymentPostprocessing = 0;
		};
		443B16941AB18AB60095BFEE /* Resources */ = {
			isa = PBXResourcesBuildPhase;
			buildActionMask = 2147483647;
			files = (
			);
			runOnlyForDeploymentPostprocessing = 0;
		};
/* End PBXResourcesBuildPhase section */

/* Begin PBXShellScriptBuildPhase section */
		BADC5A0477EE9EBE62EF306E /* Copy Pods Resources */ = {
			isa = PBXShellScriptBuildPhase;
			buildActionMask = 2147483647;
			files = (
			);
			inputPaths = (
			);
			name = "Copy Pods Resources";
			outputPaths = (
			);
			runOnlyForDeploymentPostprocessing = 0;
			shellPath = /bin/sh;
			shellScript = "\"${SRCROOT}/Pods/Target Support Files/Pods/Pods-resources.sh\"\n";
			showEnvVarsInLog = 0;
		};
		D43DF8B8397A67B79BDFAADC /* Check Pods Manifest.lock */ = {
			isa = PBXShellScriptBuildPhase;
			buildActionMask = 2147483647;
			files = (
			);
			inputPaths = (
			);
			name = "Check Pods Manifest.lock";
			outputPaths = (
			);
			runOnlyForDeploymentPostprocessing = 0;
			shellPath = /bin/sh;
			shellScript = "diff \"${PODS_ROOT}/../Podfile.lock\" \"${PODS_ROOT}/Manifest.lock\" > /dev/null\nif [[ $? != 0 ]] ; then\n    cat << EOM\nerror: The sandbox is not in sync with the Podfile.lock. Run 'pod install' or update your CocoaPods installation.\nEOM\n    exit 1\nfi\n";
			showEnvVarsInLog = 0;
		};
/* End PBXShellScriptBuildPhase section */

/* Begin PBXSourcesBuildPhase section */
		443B16791AB18AB60095BFEE /* Sources */ = {
			isa = PBXSourcesBuildPhase;
			buildActionMask = 2147483647;
			files = (
				443B16B81AB18C700095BFEE /* ViewController.m in Sources */,
				443B16831AB18AB60095BFEE /* main.m in Sources */,
				443B16A91AB18BB10095BFEE /* AppDelegate.m in Sources */,
			);
			runOnlyForDeploymentPostprocessing = 0;
		};
		443B16921AB18AB60095BFEE /* Sources */ = {
			isa = PBXSourcesBuildPhase;
			buildActionMask = 2147483647;
			files = (
				443B169D1AB18AB60095BFEE /* Tests.m in Sources */,
			);
			runOnlyForDeploymentPostprocessing = 0;
		};
/* End PBXSourcesBuildPhase section */

/* Begin PBXTargetDependency section */
		443B16981AB18AB60095BFEE /* PBXTargetDependency */ = {
			isa = PBXTargetDependency;
			target = 443B167C1AB18AB60095BFEE /* Component */;
			targetProxy = 443B16971AB18AB60095BFEE /* PBXContainerItemProxy */;
		};
/* End PBXTargetDependency section */

/* Begin XCBuildConfiguration section */
		443B169E1AB18AB60095BFEE /* Debug */ = {
			isa = XCBuildConfiguration;
			buildSettings = {
				ALWAYS_SEARCH_USER_PATHS = NO;
				CLANG_CXX_LANGUAGE_STANDARD = "gnu++0x";
				CLANG_CXX_LIBRARY = "libc++";
				CLANG_ENABLE_MODULES = YES;
				CLANG_ENABLE_OBJC_ARC = YES;
				CLANG_WARN_BOOL_CONVERSION = YES;
				CLANG_WARN_CONSTANT_CONVERSION = YES;
				CLANG_WARN_DIRECT_OBJC_ISA_USAGE = YES_ERROR;
				CLANG_WARN_EMPTY_BODY = YES;
				CLANG_WARN_ENUM_CONVERSION = YES;
				CLANG_WARN_INT_CONVERSION = YES;
				CLANG_WARN_OBJC_ROOT_CLASS = YES_ERROR;
				CLANG_WARN_UNREACHABLE_CODE = YES;
				CLANG_WARN__DUPLICATE_METHOD_MATCH = YES;
				"CODE_SIGN_IDENTITY[sdk=iphoneos*]" = "iPhone Developer";
				COPY_PHASE_STRIP = NO;
				ENABLE_STRICT_OBJC_MSGSEND = YES;
				GCC_C_LANGUAGE_STANDARD = gnu99;
				GCC_DYNAMIC_NO_PIC = NO;
				GCC_OPTIMIZATION_LEVEL = 0;
				GCC_PREPROCESSOR_DEFINITIONS = (
					"DEBUG=1",
					"$(inherited)",
				);
				GCC_SYMBOLS_PRIVATE_EXTERN = NO;
				GCC_WARN_64_TO_32_BIT_CONVERSION = YES;
				GCC_WARN_ABOUT_RETURN_TYPE = YES_ERROR;
				GCC_WARN_UNDECLARED_SELECTOR = YES;
				GCC_WARN_UNINITIALIZED_AUTOS = YES_AGGRESSIVE;
				GCC_WARN_UNUSED_FUNCTION = YES;
				GCC_WARN_UNUSED_VARIABLE = YES;
				IPHONEOS_DEPLOYMENT_TARGET = 7.0;
				MTL_ENABLE_DEBUG_INFO = YES;
				ONLY_ACTIVE_ARCH = YES;
				SDKROOT = iphoneos;
			};
			name = Debug;
		};
		443B169F1AB18AB60095BFEE /* Release */ = {
			isa = XCBuildConfiguration;
			buildSettings = {
				ALWAYS_SEARCH_USER_PATHS = NO;
				CLANG_CXX_LANGUAGE_STANDARD = "gnu++0x";
				CLANG_CXX_LIBRARY = "libc++";
				CLANG_ENABLE_MODULES = YES;
				CLANG_ENABLE_OBJC_ARC = YES;
				CLANG_WARN_BOOL_CONVERSION = YES;
				CLANG_WARN_CONSTANT_CONVERSION = YES;
				CLANG_WARN_DIRECT_OBJC_ISA_USAGE = YES_ERROR;
				CLANG_WARN_EMPTY_BODY = YES;
				CLANG_WARN_ENUM_CONVERSION = YES;
				CLANG_WARN_INT_CONVERSION = YES;
				CLANG_WARN_OBJC_ROOT_CLASS = YES_ERROR;
				CLANG_WARN_UNREACHABLE_CODE = YES;
				CLANG_WARN__DUPLICATE_METHOD_MATCH = YES;
				"CODE_SIGN_IDENTITY[sdk=iphoneos*]" = "iPhone Developer";
				COPY_PHASE_STRIP = NO;
				ENABLE_NS_ASSERTIONS = NO;
				ENABLE_STRICT_OBJC_MSGSEND = YES;
				GCC_C_LANGUAGE_STANDARD = gnu99;
				GCC_WARN_64_TO_32_BIT_CONVERSION = YES;
				GCC_WARN_ABOUT_RETURN_TYPE = YES_ERROR;
				GCC_WARN_UNDECLARED_SELECTOR = YES;
				GCC_WARN_UNINITIALIZED_AUTOS = YES_AGGRESSIVE;
				GCC_WARN_UNUSED_FUNCTION = YES;
				GCC_WARN_UNUSED_VARIABLE = YES;
				IPHONEOS_DEPLOYMENT_TARGET = 7.0;
				MTL_ENABLE_DEBUG_INFO = NO;
				SDKROOT = iphoneos;
				VALIDATE_PRODUCT = YES;
			};
			name = Release;
		};
		443B16A11AB18AB60095BFEE /* Debug */ = {
			isa = XCBuildConfiguration;
			baseConfigurationReference = 7C5A7FD68D71F6C39C470959 /* Pods.debug.xcconfig */;
			buildSettings = {
				ASSETCATALOG_COMPILER_APPICON_NAME = AppIcon;
				ASSETCATALOG_COMPILER_LAUNCHIMAGE_NAME = LaunchImage;
				INFOPLIST_FILE = Component/Info.plist;
				IPHONEOS_DEPLOYMENT_TARGET = 7.0;
				LD_RUNPATH_SEARCH_PATHS = "$(inherited) @executable_path/Frameworks";
				PRODUCT_NAME = "$(TARGET_NAME)";
			};
			name = Debug;
		};
		443B16A21AB18AB60095BFEE /* Release */ = {
			isa = XCBuildConfiguration;
			baseConfigurationReference = FEB0371DA9A93F4D75A24263 /* Pods.release.xcconfig */;
			buildSettings = {
				ASSETCATALOG_COMPILER_APPICON_NAME = AppIcon;
				ASSETCATALOG_COMPILER_LAUNCHIMAGE_NAME = LaunchImage;
				INFOPLIST_FILE = Component/Info.plist;
				IPHONEOS_DEPLOYMENT_TARGET = 7.0;
				LD_RUNPATH_SEARCH_PATHS = "$(inherited) @executable_path/Frameworks";
				PRODUCT_NAME = "$(TARGET_NAME)";
			};
			name = Release;
		};
		443B16A41AB18AB60095BFEE /* Debug */ = {
			isa = XCBuildConfiguration;
			buildSettings = {
				BUNDLE_LOADER = "$(TEST_HOST)";
				FRAMEWORK_SEARCH_PATHS = (
					"$(SDKROOT)/Developer/Library/Frameworks",
					"$(inherited)",
				);
				GCC_PREPROCESSOR_DEFINITIONS = (
					"DEBUG=1",
					"$(inherited)",
				);
				INFOPLIST_FILE = Tests/Info.plist;
				LD_RUNPATH_SEARCH_PATHS = "$(inherited) @executable_path/Frameworks @loader_path/Frameworks";
				PRODUCT_NAME = "$(TARGET_NAME)";
				TEST_HOST = "$(BUILT_PRODUCTS_DIR)/Component.app/Component";
			};
			name = Debug;
		};
		443B16A51AB18AB60095BFEE /* Release */ = {
			isa = XCBuildConfiguration;
			buildSettings = {
				BUNDLE_LOADER = "$(TEST_HOST)";
				FRAMEWORK_SEARCH_PATHS = (
					"$(SDKROOT)/Developer/Library/Frameworks",
					"$(inherited)",
				);
				INFOPLIST_FILE = Tests/Info.plist;
				LD_RUNPATH_SEARCH_PATHS = "$(inherited) @executable_path/Frameworks @loader_path/Frameworks";
				PRODUCT_NAME = "$(TARGET_NAME)";
				TEST_HOST = "$(BUILT_PRODUCTS_DIR)/Component.app/Component";
			};
			name = Release;
		};
/* End XCBuildConfiguration section */

/* Begin XCConfigurationList section */
		443B16781AB18AB60095BFEE /* Build configuration list for PBXProject "Component" */ = {
			isa = XCConfigurationList;
			buildConfigurations = (
				443B169E1AB18AB60095BFEE /* Debug */,
				443B169F1AB18AB60095BFEE /* Release */,
			);
			defaultConfigurationIsVisible = 0;
			defaultConfigurationName = Release;
		};
		443B16A01AB18AB60095BFEE /* Build configuration list for PBXNativeTarget "Component" */ = {
			isa = XCConfigurationList;
			buildConfigurations = (
				443B16A11AB18AB60095BFEE /* Debug */,
				443B16A21AB18AB60095BFEE /* Release */,
			);
			defaultConfigurationIsVisible = 0;
			defaultConfigurationName = Release;
		};
		443B16A31AB18AB60095BFEE /* Build configuration list for PBXNativeTarget "Tests" */ = {
			isa = XCConfigurationList;
			buildConfigurations = (
				443B16A41AB18AB60095BFEE /* Debug */,
				443B16A51AB18AB60095BFEE /* Release */,
			);
			defaultConfigurationIsVisible = 0;
			defaultConfigurationName = Release;
		};
/* End XCConfigurationList section */
	};
	rootObject = 443B16751AB18AB60095BFEE /* Project object */;
}
